// !$*UTF8*$!
{
	archiveVersion = 1;
	classes = {
	};
	objectVersion = 77;
	objects = {

/* Begin PBXContainerItemProxy section */
		109B7E6A2DEFD2930080380F /* PBXContainerItemProxy */ = {
			isa = PBXContainerItemProxy;
			containerPortal = 109B7E512DEFD2920080380F /* Project object */;
			proxyType = 1;
			remoteGlobalIDString = 109B7E582DEFD2920080380F;
			remoteInfo = BaconTracker;
		};
		109B7E742DEFD2930080380F /* PBXContainerItemProxy */ = {
			isa = PBXContainerItemProxy;
			containerPortal = 109B7E512DEFD2920080380F /* Project object */;
			proxyType = 1;
			remoteGlobalIDString = 109B7E582DEFD2920080380F;
			remoteInfo = BaconTracker;
		};
/* End PBXContainerItemProxy section */

/* Begin PBXFileReference section */
		109B7E592DEFD2920080380F /* BaconTracker.app */ = {isa = PBXFileReference; explicitFileType = wrapper.application; includeInIndex = 0; path = BaconTracker.app; sourceTree = BUILT_PRODUCTS_DIR; };
		109B7E692DEFD2930080380F /* BaconTrackerTests.xctest */ = {isa = PBXFileReference; explicitFileType = wrapper.cfbundle; includeInIndex = 0; path = BaconTrackerTests.xctest; sourceTree = BUILT_PRODUCTS_DIR; };
		109B7E732DEFD2930080380F /* BaconTrackerUITests.xctest */ = {isa = PBXFileReference; explicitFileType = wrapper.cfbundle; includeInIndex = 0; path = BaconTrackerUITests.xctest; sourceTree = BUILT_PRODUCTS_DIR; };
/* End PBXFileReference section */

/* Begin PBXFileSystemSynchronizedBuildFileExceptionSet section */
		109B7EBB2DEFD70F0080380F /* Exceptions for "BaconTracker" folder in "BaconTracker" target */ = {
			isa = PBXFileSystemSynchronizedBuildFileExceptionSet;
			membershipExceptions = (
				Info.plist,
			);
			target = 109B7E582DEFD2920080380F /* BaconTracker */;
		};
/* End PBXFileSystemSynchronizedBuildFileExceptionSet section */

/* Begin PBXFileSystemSynchronizedRootGroup section */
		109B7E5B2DEFD2920080380F /* BaconTracker */ = {
			isa = PBXFileSystemSynchronizedRootGroup;
			exceptions = (
				109B7EBB2DEFD70F0080380F /* Exceptions for "BaconTracker" folder in "BaconTracker" target */,
			);
			path = BaconTracker;
			sourceTree = "<group>";
		};
		109B7E6C2DEFD2930080380F /* BaconTrackerTests */ = {
			isa = PBXFileSystemSynchronizedRootGroup;
			path = BaconTrackerTests;
			sourceTree = "<group>";
		};
		109B7E762DEFD2930080380F /* BaconTrackerUITests */ = {
			isa = PBXFileSystemSynchronizedRootGroup;
			path = BaconTrackerUITests;
			sourceTree = "<group>";
		};
/* End PBXFileSystemSynchronizedRootGroup section */

/* Begin PBXFrameworksBuildPhase section */
		109B7E562DEFD2920080380F /* Frameworks */ = {
			isa = PBXFrameworksBuildPhase;
			buildActionMask = 2147483647;
			files = (
			);
			runOnlyForDeploymentPostprocessing = 0;
		};
		109B7E662DEFD2930080380F /* Frameworks */ = {
			isa = PBXFrameworksBuildPhase;
			buildActionMask = 2147483647;
			files = (
			);
			runOnlyForDeploymentPostprocessing = 0;
		};
		109B7E702DEFD2930080380F /* Frameworks */ = {
			isa = PBXFrameworksBuildPhase;
			buildActionMask = 2147483647;
			files = (
			);
			runOnlyForDeploymentPostprocessing = 0;
		};
/* End PBXFrameworksBuildPhase section */

/* Begin PBXGroup section */
		109B7E502DEFD2920080380F = {
			isa = PBXGroup;
			children = (
				109B7E5B2DEFD2920080380F /* BaconTracker */,
				109B7E6C2DEFD2930080380F /* BaconTrackerTests */,
				109B7E762DEFD2930080380F /* BaconTrackerUITests */,
				109B7E5A2DEFD2920080380F /* Products */,
			);
			sourceTree = "<group>";
		};
		109B7E5A2DEFD2920080380F /* Products */ = {
			isa = PBXGroup;
			children = (
				109B7E592DEFD2920080380F /* BaconTracker.app */,
				109B7E692DEFD2930080380F /* BaconTrackerTests.xctest */,
				109B7E732DEFD2930080380F /* BaconTrackerUITests.xctest */,
			);
			name = Products;
			sourceTree = "<group>";
		};
/* End PBXGroup section */

/* Begin PBXNativeTarget section */
		109B7E582DEFD2920080380F /* BaconTracker */ = {
			isa = PBXNativeTarget;
			buildConfigurationList = 109B7E7D2DEFD2930080380F /* Build configuration list for PBXNativeTarget "BaconTracker" */;
			buildPhases = (
				109B7E552DEFD2920080380F /* Sources */,
				109B7E562DEFD2920080380F /* Frameworks */,
				109B7E572DEFD2920080380F /* Resources */,
			);
			buildRules = (
			);
			dependencies = (
			);
			fileSystemSynchronizedGroups = (
				109B7E5B2DEFD2920080380F /* BaconTracker */,
			);
			name = BaconTracker;
			packageProductDependencies = (
			);
			productName = BaconTracker;
			productReference = 109B7E592DEFD2920080380F /* BaconTracker.app */;
			productType = "com.apple.product-type.application";
		};
		109B7E682DEFD2930080380F /* BaconTrackerTests */ = {
			isa = PBXNativeTarget;
			buildConfigurationList = 109B7E802DEFD2930080380F /* Build configuration list for PBXNativeTarget "BaconTrackerTests" */;
			buildPhases = (
				109B7E652DEFD2930080380F /* Sources */,
				109B7E662DEFD2930080380F /* Frameworks */,
				109B7E672DEFD2930080380F /* Resources */,
			);
			buildRules = (
			);
			dependencies = (
				109B7E6B2DEFD2930080380F /* PBXTargetDependency */,
			);
			fileSystemSynchronizedGroups = (
				109B7E6C2DEFD2930080380F /* BaconTrackerTests */,
			);
			name = BaconTrackerTests;
			packageProductDependencies = (
			);
			productName = BaconTrackerTests;
			productReference = 109B7E692DEFD2930080380F /* BaconTrackerTests.xctest */;
			productType = "com.apple.product-type.bundle.unit-test";
		};
		109B7E722DEFD2930080380F /* BaconTrackerUITests */ = {
			isa = PBXNativeTarget;
			buildConfigurationList = 109B7E832DEFD2930080380F /* Build configuration list for PBXNativeTarget "BaconTrackerUITests" */;
			buildPhases = (
				109B7E6F2DEFD2930080380F /* Sources */,
				109B7E702DEFD2930080380F /* Frameworks */,
				109B7E712DEFD2930080380F /* Resources */,
			);
			buildRules = (
			);
			dependencies = (
				109B7E752DEFD2930080380F /* PBXTargetDependency */,
			);
			fileSystemSynchronizedGroups = (
				109B7E762DEFD2930080380F /* BaconTrackerUITests */,
			);
			name = BaconTrackerUITests;
			packageProductDependencies = (
			);
			productName = BaconTrackerUITests;
			productReference = 109B7E732DEFD2930080380F /* BaconTrackerUITests.xctest */;
			productType = "com.apple.product-type.bundle.ui-testing";
		};
/* End PBXNativeTarget section */

/* Begin PBXProject section */
		109B7E512DEFD2920080380F /* Project object */ = {
			isa = PBXProject;
			attributes = {
				BuildIndependentTargetsInParallel = 1;
				LastSwiftUpdateCheck = 1620;
				LastUpgradeCheck = 1620;
				TargetAttributes = {
					109B7E582DEFD2920080380F = {
						CreatedOnToolsVersion = 16.2;
					};
					109B7E682DEFD2930080380F = {
						CreatedOnToolsVersion = 16.2;
						TestTargetID = 109B7E582DEFD2920080380F;
					};
					109B7E722DEFD2930080380F = {
						CreatedOnToolsVersion = 16.2;
						TestTargetID = 109B7E582DEFD2920080380F;
					};
				};
			};
			buildConfigurationList = 109B7E542DEFD2920080380F /* Build configuration list for PBXProject "BaconTracker" */;
			developmentRegion = en;
			hasScannedForEncodings = 0;
			knownRegions = (
				en,
				Base,
			);
			mainGroup = 109B7E502DEFD2920080380F;
			minimizedProjectReferenceProxies = 1;
			preferredProjectObjectVersion = 77;
			productRefGroup = 109B7E5A2DEFD2920080380F /* Products */;
			projectDirPath = "";
			projectRoot = "";
			targets = (
				109B7E582DEFD2920080380F /* BaconTracker */,
				109B7E682DEFD2930080380F /* BaconTrackerTests */,
				109B7E722DEFD2930080380F /* BaconTrackerUITests */,
			);
		};
/* End PBXProject section */

/* Begin PBXResourcesBuildPhase section */
		109B7E572DEFD2920080380F /* Resources */ = {
			isa = PBXResourcesBuildPhase;
			buildActionMask = 2147483647;
			files = (
			);
			runOnlyForDeploymentPostprocessing = 0;
		};
		109B7E672DEFD2930080380F /* Resources */ = {
			isa = PBXResourcesBuildPhase;
			buildActionMask = 2147483647;
			files = (
			);
			runOnlyForDeploymentPostprocessing = 0;
		};
		109B7E712DEFD2930080380F /* Resources */ = {
			isa = PBXResourcesBuildPhase;
			buildActionMask = 2147483647;
			files = (
			);
			runOnlyForDeploymentPostprocessing = 0;
		};
/* End PBXResourcesBuildPhase section */

/* Begin PBXSourcesBuildPhase section */
		109B7E552DEFD2920080380F /* Sources */ = {
			isa = PBXSourcesBuildPhase;
			buildActionMask = 2147483647;
			files = (
			);
			runOnlyForDeploymentPostprocessing = 0;
		};
		109B7E652DEFD2930080380F /* Sources */ = {
			isa = PBXSourcesBuildPhase;
			buildActionMask = 2147483647;
			files = (
			);
			runOnlyForDeploymentPostprocessing = 0;
		};
		109B7E6F2DEFD2930080380F /* Sources */ = {
			isa = PBXSourcesBuildPhase;
			buildActionMask = 2147483647;
			files = (
			);
			runOnlyForDeploymentPostprocessing = 0;
		};
/* End PBXSourcesBuildPhase section */

/* Begin PBXTargetDependency section */
		109B7E6B2DEFD2930080380F /* PBXTargetDependency */ = {
			isa = PBXTargetDependency;
			target = 109B7E582DEFD2920080380F /* BaconTracker */;
			targetProxy = 109B7E6A2DEFD2930080380F /* PBXContainerItemProxy */;
		};
		109B7E752DEFD2930080380F /* PBXTargetDependency */ = {
			isa = PBXTargetDependency;
			target = 109B7E582DEFD2920080380F /* BaconTracker */;
			targetProxy = 109B7E742DEFD2930080380F /* PBXContainerItemProxy */;
		};
/* End PBXTargetDependency section */

/* Begin XCBuildConfiguration section */
		109B7E7B2DEFD2930080380F /* Debug */ = {
			isa = XCBuildConfiguration;
			buildSettings = {
				ALWAYS_SEARCH_USER_PATHS = NO;
				ASSETCATALOG_COMPILER_GENERATE_SWIFT_ASSET_SYMBOL_EXTENSIONS = YES;
				CLANG_ANALYZER_NONNULL = YES;
				CLANG_ANALYZER_NUMBER_OBJECT_CONVERSION = YES_AGGRESSIVE;
				CLANG_CXX_LANGUAGE_STANDARD = "gnu++20";
				CLANG_ENABLE_MODULES = YES;
				CLANG_ENABLE_OBJC_ARC = YES;
				CLANG_ENABLE_OBJC_WEAK = YES;
				CLANG_WARN_BLOCK_CAPTURE_AUTORELEASING = YES;
				CLANG_WARN_BOOL_CONVERSION = YES;
				CLANG_WARN_COMMA = YES;
				CLANG_WARN_CONSTANT_CONVERSION = YES;
				CLANG_WARN_DEPRECATED_OBJC_IMPLEMENTATIONS = YES;
				CLANG_WARN_DIRECT_OBJC_ISA_USAGE = YES_ERROR;
				CLANG_WARN_DOCUMENTATION_COMMENTS = YES;
				CLANG_WARN_EMPTY_BODY = YES;
				CLANG_WARN_ENUM_CONVERSION = YES;
				CLANG_WARN_INFINITE_RECURSION = YES;
				CLANG_WARN_INT_CONVERSION = YES;
				CLANG_WARN_NON_LITERAL_NULL_CONVERSION = YES;
				CLANG_WARN_OBJC_IMPLICIT_RETAIN_SELF = YES;
				CLANG_WARN_OBJC_LITERAL_CONVERSION = YES;
				CLANG_WARN_OBJC_ROOT_CLASS = YES_ERROR;
				CLANG_WARN_QUOTED_INCLUDE_IN_FRAMEWORK_HEADER = YES;
				CLANG_WARN_RANGE_LOOP_ANALYSIS = YES;
				CLANG_WARN_STRICT_PROTOTYPES = YES;
				CLANG_WARN_SUSPICIOUS_MOVE = YES;
				CLANG_WARN_UNGUARDED_AVAILABILITY = YES_AGGRESSIVE;
				CLANG_WARN_UNREACHABLE_CODE = YES;
				CLANG_WARN__DUPLICATE_METHOD_MATCH = YES;
				COPY_PHASE_STRIP = NO;
				DEBUG_INFORMATION_FORMAT = dwarf;
				ENABLE_STRICT_OBJC_MSGSEND = YES;
				ENABLE_TESTABILITY = YES;
				ENABLE_USER_SCRIPT_SANDBOXING = YES;
				GCC_C_LANGUAGE_STANDARD = gnu17;
				GCC_DYNAMIC_NO_PIC = NO;
				GCC_NO_COMMON_BLOCKS = YES;
				GCC_OPTIMIZATION_LEVEL = 0;
				GCC_PREPROCESSOR_DEFINITIONS = (
					"DEBUG=1",
					"$(inherited)",
				);
				GCC_WARN_64_TO_32_BIT_CONVERSION = YES;
				GCC_WARN_ABOUT_RETURN_TYPE = YES_ERROR;
				GCC_WARN_UNDECLARED_SELECTOR = YES;
				GCC_WARN_UNINITIALIZED_AUTOS = YES_AGGRESSIVE;
				GCC_WARN_UNUSED_FUNCTION = YES;
				GCC_WARN_UNUSED_VARIABLE = YES;
				IPHONEOS_DEPLOYMENT_TARGET = 18.2;
				LOCALIZATION_PREFERS_STRING_CATALOGS = YES;
				MTL_ENABLE_DEBUG_INFO = INCLUDE_SOURCE;
				MTL_FAST_MATH = YES;
				ONLY_ACTIVE_ARCH = YES;
				SDKROOT = iphoneos;
				SWIFT_ACTIVE_COMPILATION_CONDITIONS = "DEBUG $(inherited)";
				SWIFT_OPTIMIZATION_LEVEL = "-Onone";
			};
			name = Debug;
		};
		109B7E7C2DEFD2930080380F /* Release */ = {
			isa = XCBuildConfiguration;
			buildSettings = {
				ALWAYS_SEARCH_USER_PATHS = NO;
				ASSETCATALOG_COMPILER_GENERATE_SWIFT_ASSET_SYMBOL_EXTENSIONS = YES;
				CLANG_ANALYZER_NONNULL = YES;
				CLANG_ANALYZER_NUMBER_OBJECT_CONVERSION = YES_AGGRESSIVE;
				CLANG_CXX_LANGUAGE_STANDARD = "gnu++20";
				CLANG_ENABLE_MODULES = YES;
				CLANG_ENABLE_OBJC_ARC = YES;
				CLANG_ENABLE_OBJC_WEAK = YES;
				CLANG_WARN_BLOCK_CAPTURE_AUTORELEASING = YES;
				CLANG_WARN_BOOL_CONVERSION = YES;
				CLANG_WARN_COMMA = YES;
				CLANG_WARN_CONSTANT_CONVERSION = YES;
				CLANG_WARN_DEPRECATED_OBJC_IMPLEMENTATIONS = YES;
				CLANG_WARN_DIRECT_OBJC_ISA_USAGE = YES_ERROR;
				CLANG_WARN_DOCUMENTATION_COMMENTS = YES;
				CLANG_WARN_EMPTY_BODY = YES;
				CLANG_WARN_ENUM_CONVERSION = YES;
				CLANG_WARN_INFINITE_RECURSION = YES;
				CLANG_WARN_INT_CONVERSION = YES;
				CLANG_WARN_NON_LITERAL_NULL_CONVERSION = YES;
				CLANG_WARN_OBJC_IMPLICIT_RETAIN_SELF = YES;
				CLANG_WARN_OBJC_LITERAL_CONVERSION = YES;
				CLANG_WARN_OBJC_ROOT_CLASS = YES_ERROR;
				CLANG_WARN_QUOTED_INCLUDE_IN_FRAMEWORK_HEADER = YES;
				CLANG_WARN_RANGE_LOOP_ANALYSIS = YES;
				CLANG_WARN_STRICT_PROTOTYPES = YES;
				CLANG_WARN_SUSPICIOUS_MOVE = YES;
				CLANG_WARN_UNGUARDED_AVAILABILITY = YES_AGGRESSIVE;
				CLANG_WARN_UNREACHABLE_CODE = YES;
				CLANG_WARN__DUPLICATE_METHOD_MATCH = YES;
				COPY_PHASE_STRIP = NO;
				DEBUG_INFORMATION_FORMAT = "dwarf-with-dsym";
				ENABLE_NS_ASSERTIONS = NO;
				ENABLE_STRICT_OBJC_MSGSEND = YES;
				ENABLE_USER_SCRIPT_SANDBOXING = YES;
				GCC_C_LANGUAGE_STANDARD = gnu17;
				GCC_NO_COMMON_BLOCKS = YES;
				GCC_WARN_64_TO_32_BIT_CONVERSION = YES;
				GCC_WARN_ABOUT_RETURN_TYPE = YES_ERROR;
				GCC_WARN_UNDECLARED_SELECTOR = YES;
				GCC_WARN_UNINITIALIZED_AUTOS = YES_AGGRESSIVE;
				GCC_WARN_UNUSED_FUNCTION = YES;
				GCC_WARN_UNUSED_VARIABLE = YES;
				IPHONEOS_DEPLOYMENT_TARGET = 18.2;
				LOCALIZATION_PREFERS_STRING_CATALOGS = YES;
				MTL_ENABLE_DEBUG_INFO = NO;
				MTL_FAST_MATH = YES;
				SDKROOT = iphoneos;
				SWIFT_COMPILATION_MODE = wholemodule;
				VALIDATE_PRODUCT = YES;
			};
			name = Release;
		};
		109B7E7E2DEFD2930080380F /* Debug */ = {
			isa = XCBuildConfiguration;
			buildSettings = {
				ASSETCATALOG_COMPILER_APPICON_NAME = AppIcon;
				ASSETCATALOG_COMPILER_GLOBAL_ACCENT_COLOR_NAME = AccentColor;
				CODE_SIGN_STYLE = Automatic;
				CURRENT_PROJECT_VERSION = 1;
				DEVELOPMENT_ASSET_PATHS = "\"BaconTracker/Preview Content\"";
				DEVELOPMENT_TEAM = Q7899LD2FG;
				ENABLE_PREVIEWS = YES;
				GENERATE_INFOPLIST_FILE = YES;
				INFOPLIST_FILE = BaconTracker/Info.plist;
				INFOPLIST_KEY_UIApplicationSceneManifest_Generation = YES;
				INFOPLIST_KEY_UIApplicationSupportsIndirectInputEvents = YES;
				INFOPLIST_KEY_UILaunchScreen_Generation = YES;
				INFOPLIST_KEY_UISupportedInterfaceOrientations_iPad = "UIInterfaceOrientationPortrait UIInterfaceOrientationPortraitUpsideDown UIInterfaceOrientationLandscapeLeft UIInterfaceOrientationLandscapeRight";
				INFOPLIST_KEY_UISupportedInterfaceOrientations_iPhone = "UIInterfaceOrientationPortrait UIInterfaceOrientationLandscapeLeft UIInterfaceOrientationLandscapeRight";
				LD_RUNPATH_SEARCH_PATHS = (
					"$(inherited)",
					"@executable_path/Frameworks",
				);
				MARKETING_VERSION = 1.0;
				PRODUCT_BUNDLE_IDENTIFIER = com.zackboutchyard.login.BaconTracker;
				PRODUCT_NAME = "$(TARGET_NAME)";
				SWIFT_EMIT_LOC_STRINGS = YES;
				SWIFT_VERSION = 5.0;
				TARGETED_DEVICE_FAMILY = "1,2";
			};
			name = Debug;
		};
		109B7E7F2DEFD2930080380F /* Release */ = {
			isa = XCBuildConfiguration;
			buildSettings = {
				ASSETCATALOG_COMPILER_APPICON_NAME = AppIcon;
				ASSETCATALOG_COMPILER_GLOBAL_ACCENT_COLOR_NAME = AccentColor;
				CODE_SIGN_STYLE = Automatic;
				CURRENT_PROJECT_VERSION = 1;
				DEVELOPMENT_ASSET_PATHS = "\"BaconTracker/Preview Content\"";
				DEVELOPMENT_TEAM = Q7899LD2FG;
				ENABLE_PREVIEWS = YES;
				GENERATE_INFOPLIST_FILE = YES;
				INFOPLIST_FILE = BaconTracker/Info.plist;
				INFOPLIST_KEY_UIApplicationSceneManifest_Generation = YES;
				INFOPLIST_KEY_UIApplicationSupportsIndirectInputEvents = YES;
				INFOPLIST_KEY_UILaunchScreen_Generation = YES;
				INFOPLIST_KEY_UISupportedInterfaceOrientations_iPad = "UIInterfaceOrientationPortrait UIInterfaceOrientationPortraitUpsideDown UIInterfaceOrientationLandscapeLeft UIInterfaceOrientationLandscapeRight";
				INFOPLIST_KEY_UISupportedInterfaceOrientations_iPhone = "UIInterfaceOrientationPortrait UIInterfaceOrientationLandscapeLeft UIInterfaceOrientationLandscapeRight";
				LD_RUNPATH_SEARCH_PATHS = (
					"$(inherited)",
					"@executable_path/Frameworks",
				);
				MARKETING_VERSION = 1.0;
				PRODUCT_BUNDLE_IDENTIFIER = com.zackboutchyard.login.BaconTracker;
				PRODUCT_NAME = "$(TARGET_NAME)";
				SWIFT_EMIT_LOC_STRINGS = YES;
				SWIFT_VERSION = 5.0;
				TARGETED_DEVICE_FAMILY = "1,2";
			};
			name = Release;
		};
		109B7E812DEFD2930080380F /* Debug */ = {
			isa = XCBuildConfiguration;
			buildSettings = {
				BUNDLE_LOADER = "$(TEST_HOST)";
				CODE_SIGN_STYLE = Automatic;
				CURRENT_PROJECT_VERSION = 1;
				DEVELOPMENT_TEAM = Q7899LD2FG;
				GENERATE_INFOPLIST_FILE = YES;
				IPHONEOS_DEPLOYMENT_TARGET = 18.2;
				MARKETING_VERSION = 1.0;
				PRODUCT_BUNDLE_IDENTIFIER = com.zackboutchyard.login.BaconTrackerTests;
				PRODUCT_NAME = "$(TARGET_NAME)";
				SWIFT_EMIT_LOC_STRINGS = NO;
				SWIFT_VERSION = 5.0;
				TARGETED_DEVICE_FAMILY = "1,2";
				TEST_HOST = "$(BUILT_PRODUCTS_DIR)/BaconTracker.app/$(BUNDLE_EXECUTABLE_FOLDER_PATH)/BaconTracker";
			};
			name = Debug;
		};
		109B7E822DEFD2930080380F /* Release */ = {
			isa = XCBuildConfiguration;
			buildSettings = {
				BUNDLE_LOADER = "$(TEST_HOST)";
				CODE_SIGN_STYLE = Automatic;
				CURRENT_PROJECT_VERSION = 1;
				DEVELOPMENT_TEAM = Q7899LD2FG;
				GENERATE_INFOPLIST_FILE = YES;
				IPHONEOS_DEPLOYMENT_TARGET = 18.2;
				MARKETING_VERSION = 1.0;
				PRODUCT_BUNDLE_IDENTIFIER = com.zackboutchyard.login.BaconTrackerTests;
				PRODUCT_NAME = "$(TARGET_NAME)";
				SWIFT_EMIT_LOC_STRINGS = NO;
				SWIFT_VERSION = 5.0;
				TARGETED_DEVICE_FAMILY = "1,2";
				TEST_HOST = "$(BUILT_PRODUCTS_DIR)/BaconTracker.app/$(BUNDLE_EXECUTABLE_FOLDER_PATH)/BaconTracker";
			};
			name = Release;
		};
		109B7E842DEFD2930080380F /* Debug */ = {
			isa = XCBuildConfiguration;
			buildSettings = {
				CODE_SIGN_STYLE = Automatic;
				CURRENT_PROJECT_VERSION = 1;
				DEVELOPMENT_TEAM = Q7899LD2FG;
				GENERATE_INFOPLIST_FILE = YES;
				MARKETING_VERSION = 1.0;
				PRODUCT_BUNDLE_IDENTIFIER = com.zackboutchyard.login.BaconTrackerUITests;
				PRODUCT_NAME = "$(TARGET_NAME)";
				SWIFT_EMIT_LOC_STRINGS = NO;
				SWIFT_VERSION = 5.0;
				TARGETED_DEVICE_FAMILY = "1,2";
				TEST_TARGET_NAME = BaconTracker;
			};
			name = Debug;
		};
		109B7E852DEFD2930080380F /* Release */ = {
			isa = XCBuildConfiguration;
			buildSettings = {
				CODE_SIGN_STYLE = Automatic;
				CURRENT_PROJECT_VERSION = 1;
				DEVELOPMENT_TEAM = Q7899LD2FG;
				GENERATE_INFOPLIST_FILE = YES;
				MARKETING_VERSION = 1.0;
				PRODUCT_BUNDLE_IDENTIFIER = com.zackboutchyard.login.BaconTrackerUITests;
				PRODUCT_NAME = "$(TARGET_NAME)";
				SWIFT_EMIT_LOC_STRINGS = NO;
				SWIFT_VERSION = 5.0;
				TARGETED_DEVICE_FAMILY = "1,2";
				TEST_TARGET_NAME = BaconTracker;
			};
			name = Release;
		};
/* End XCBuildConfiguration section */

/* Begin XCConfigurationList section */
		109B7E542DEFD2920080380F /* Build configuration list for PBXProject "BaconTracker" */ = {
			isa = XCConfigurationList;
			buildConfigurations = (
				109B7E7B2DEFD2930080380F /* Debug */,
				109B7E7C2DEFD2930080380F /* Release */,
			);
			defaultConfigurationIsVisible = 0;
			defaultConfigurationName = Release;
		};
		109B7E7D2DEFD2930080380F /* Build configuration list for PBXNativeTarget "BaconTracker" */ = {
			isa = XCConfigurationList;
			buildConfigurations = (
				109B7E7E2DEFD2930080380F /* Debug */,
				109B7E7F2DEFD2930080380F /* Release */,
			);
			defaultConfigurationIsVisible = 0;
			defaultConfigurationName = Release;
		};
		109B7E802DEFD2930080380F /* Build configuration list for PBXNativeTarget "BaconTrackerTests" */ = {
			isa = XCConfigurationList;
			buildConfigurations = (
				109B7E812DEFD2930080380F /* Debug */,
				109B7E822DEFD2930080380F /* Release */,
			);
			defaultConfigurationIsVisible = 0;
			defaultConfigurationName = Release;
		};
		109B7E832DEFD2930080380F /* Build configuration list for PBXNativeTarget "BaconTrackerUITests" */ = {
			isa = XCConfigurationList;
			buildConfigurations = (
				109B7E842DEFD2930080380F /* Debug */,
				109B7E852DEFD2930080380F /* Release */,
			);
			defaultConfigurationIsVisible = 0;
			defaultConfigurationName = Release;
		};
/* End XCConfigurationList section */
	};
	rootObject = 109B7E512DEFD2920080380F /* Project object */;
}
